{
  "nodes": {
    "logos-cpp-sdk": {
      "inputs": {
        "logos-nix": "logos-nix",
        "nixpkgs": [
          "logos-cpp-sdk",
          "logos-nix",
          "nixpkgs"
        ]
      },
      "locked": {
        "lastModified": 1776101366,
        "narHash": "sha256-HxkzOs2xv0grkNAJMBLXKDjVl8Z+z3YFn+sC4eFKy/8=",
        "owner": "logos-co",
        "repo": "logos-cpp-sdk",
        "rev": "1468180b2567f4c59346bb94f74951e76341f5c5",
        "type": "github"
      },
      "original": {
        "owner": "logos-co",
        "repo": "logos-cpp-sdk",
        "type": "github"
      }
    },
    "logos-module": {
      "inputs": {
        "logos-nix": "logos-nix_2",
        "nixpkgs": [
          "logos-module",
          "logos-nix",
          "nixpkgs"
        ]
      },
      "locked": {
        "lastModified": 1775763932,
        "narHash": "sha256-PrVdkHNN2PPXoUEJoJUKv61t6IeQ3iQSRarIpFr9GHE=",
        "owner": "logos-co",
        "repo": "logos-module",
        "rev": "73cd9c4b2646dedb1b624a3178b32a7af1670047",
        "type": "github"
      },
      "original": {
        "owner": "logos-co",
        "repo": "logos-module",
        "type": "github"
      }
    },
    "logos-nix": {
      "inputs": {
        "nixpkgs": "nixpkgs"
      },
      "locked": {
        "lastModified": 1773955630,
        "narHash": "sha256-KqzMoWYIVp2xMgphs7v02T/BE54RKMFxpdC2duhJKG0=",
        "owner": "logos-co",
        "repo": "logos-nix",
        "rev": "0e9e6d66ab8eb34f59e45ed448f7dc29130feb88",
        "type": "github"
      },
      "original": {
        "owner": "logos-co",
        "repo": "logos-nix",
        "type": "github"
      }
    },
    "logos-nix_10": {
      "inputs": {
        "nixpkgs": "nixpkgs_10"
      },
      "locked": {
        "lastModified": 1773955630,
        "narHash": "sha256-KqzMoWYIVp2xMgphs7v02T/BE54RKMFxpdC2duhJKG0=",
        "owner": "logos-co",
        "repo": "logos-nix",
        "rev": "0e9e6d66ab8eb34f59e45ed448f7dc29130feb88",
        "type": "github"
      },
      "original": {
        "owner": "logos-co",
        "repo": "logos-nix",
        "type": "github"
      }
    },
    "logos-nix_2": {
      "inputs": {
        "nixpkgs": "nixpkgs_2"
      },
      "locked": {
        "lastModified": 1773955630,
        "narHash": "sha256-KqzMoWYIVp2xMgphs7v02T/BE54RKMFxpdC2duhJKG0=",
        "owner": "logos-co",
        "repo": "logos-nix",
        "rev": "0e9e6d66ab8eb34f59e45ed448f7dc29130feb88",
        "type": "github"
      },
      "original": {
        "owner": "logos-co",
        "repo": "logos-nix",
        "type": "github"
      }
    },
    "logos-nix_3": {
      "inputs": {
        "nixpkgs": "nixpkgs_3"
      },
      "locked": {
        "lastModified": 1774455309,
        "narHash": "sha256-3AN7aFnArdysrbQQ2UskWzjNSFADb4hDCsnx69Fa0ng=",
        "owner": "logos-co",
        "repo": "logos-nix",
        "rev": "e637a1f5e871244d1c2df1e3c52a067f2eb406f2",
        "type": "github"
      },
      "original": {
        "owner": "logos-co",
        "repo": "logos-nix",
        "type": "github"
      }
    },
    "logos-nix_4": {
      "inputs": {
        "nixpkgs": "nixpkgs_4"
      },
      "locked": {
        "lastModified": 1773955630,
        "narHash": "sha256-KqzMoWYIVp2xMgphs7v02T/BE54RKMFxpdC2duhJKG0=",
        "owner": "logos-co",
        "repo": "logos-nix",
        "rev": "0e9e6d66ab8eb34f59e45ed448f7dc29130feb88",
        "type": "github"
      },
      "original": {
        "owner": "logos-co",
        "repo": "logos-nix",
        "type": "github"
      }
    },
    "logos-nix_5": {
      "inputs": {
        "nixpkgs": "nixpkgs_5"
      },
      "locked": {
        "lastModified": 1773955630,
        "narHash": "sha256-KqzMoWYIVp2xMgphs7v02T/BE54RKMFxpdC2duhJKG0=",
        "owner": "logos-co",
        "repo": "logos-nix",
        "rev": "0e9e6d66ab8eb34f59e45ed448f7dc29130feb88",
        "type": "github"
      },
      "original": {
        "owner": "logos-co",
        "repo": "logos-nix",
        "type": "github"
      }
    },
    "logos-nix_6": {
      "inputs": {
        "nixpkgs": "nixpkgs_6"
      },
      "locked": {
        "lastModified": 1773955630,
        "narHash": "sha256-KqzMoWYIVp2xMgphs7v02T/BE54RKMFxpdC2duhJKG0=",
        "owner": "logos-co",
        "repo": "logos-nix",
        "rev": "0e9e6d66ab8eb34f59e45ed448f7dc29130feb88",
        "type": "github"
      },
      "original": {
        "owner": "logos-co",
        "repo": "logos-nix",
        "type": "github"
      }
    },
    "logos-nix_7": {
      "inputs": {
        "nixpkgs": "nixpkgs_7"
      },
      "locked": {
        "lastModified": 1773955630,
        "narHash": "sha256-KqzMoWYIVp2xMgphs7v02T/BE54RKMFxpdC2duhJKG0=",
        "owner": "logos-co",
        "repo": "logos-nix",
        "rev": "0e9e6d66ab8eb34f59e45ed448f7dc29130feb88",
        "type": "github"
      },
      "original": {
        "owner": "logos-co",
        "repo": "logos-nix",
        "type": "github"
      }
    },
    "logos-nix_8": {
      "inputs": {
        "nixpkgs": "nixpkgs_8"
      },
      "locked": {
        "lastModified": 1773955630,
        "narHash": "sha256-KqzMoWYIVp2xMgphs7v02T/BE54RKMFxpdC2duhJKG0=",
        "owner": "logos-co",
        "repo": "logos-nix",
        "rev": "0e9e6d66ab8eb34f59e45ed448f7dc29130feb88",
        "type": "github"
      },
      "original": {
        "owner": "logos-co",
        "repo": "logos-nix",
        "type": "github"
      }
    },
    "logos-nix_9": {
      "inputs": {
        "nixpkgs": "nixpkgs_9"
      },
      "locked": {
        "lastModified": 1773955630,
        "narHash": "sha256-KqzMoWYIVp2xMgphs7v02T/BE54RKMFxpdC2duhJKG0=",
        "owner": "logos-co",
        "repo": "logos-nix",
        "rev": "0e9e6d66ab8eb34f59e45ed448f7dc29130feb88",
        "type": "github"
      },
      "original": {
        "owner": "logos-co",
        "repo": "logos-nix",
        "type": "github"
      }
    },
    "logos-package-downloader": {
      "inputs": {
        "logos-nix": "logos-nix_4",
        "nix-bundle-appimage": "nix-bundle-appimage",
        "nix-bundle-dir": "nix-bundle-dir_2",
        "nixpkgs": [
          "logos-package-downloader",
          "logos-nix",
          "nixpkgs"
        ]
      },
      "locked": {
        "lastModified": 1776102321,
        "narHash": "sha256-l65xH712TTfIDwk39dkYxPyI1ruzAa8vCwyOQefWi8w=",
        "owner": "logos-co",
        "repo": "logos-package-downloader",
        "rev": "12a13a37328a8ce64f7e424bc1496c0a27beb098",
        "type": "github"
      },
      "original": {
        "owner": "logos-co",
        "repo": "logos-package-downloader",
        "type": "github"
      }
    },
    "nix-bundle-appimage": {
      "inputs": {
        "logos-nix": "logos-nix_5",
        "nix-bundle-dir": "nix-bundle-dir",
        "nixpkgs": [
          "logos-package-downloader",
          "nix-bundle-appimage",
          "logos-nix",
          "nixpkgs"
        ]
      },
      "locked": {
        "lastModified": 1773961597,
        "narHash": "sha256-UEUlp3VRXBcj2YlOMTQdeW3qjyGJl2V3+GMf8IXwSWA=",
        "owner": "logos-co",
        "repo": "nix-bundle-appimage",
        "rev": "7343f6df1ebab357f51f23dff0af9d7e468638cb",
        "type": "github"
      },
      "original": {
        "owner": "logos-co",
        "repo": "nix-bundle-appimage",
        "type": "github"
      }
    },
    "nix-bundle-appimage_2": {
      "inputs": {
        "logos-nix": "logos-nix_8",
        "nix-bundle-dir": "nix-bundle-dir_3",
        "nixpkgs": [
          "nix-bundle-appimage",
          "logos-nix",
          "nixpkgs"
        ]
      },
      "locked": {
        "lastModified": 1774455478,
        "narHash": "sha256-S8IMfdDc+2Wwri0krLDsIUwSqmwanmvHAJWHOFo8ykk=",
        "owner": "logos-co",
        "repo": "nix-bundle-appimage",
        "rev": "2428125a4a1b34ad9119efa97edb98676283e3da",
        "type": "github"
      },
      "original": {
        "owner": "logos-co",
        "repo": "nix-bundle-appimage",
        "type": "github"
      }
    },
    "nix-bundle-dir": {
      "inputs": {
        "logos-nix": "logos-nix_6",
        "nixpkgs": [
          "logos-package-downloader",
          "nix-bundle-appimage",
          "nixpkgs"
        ]
      },
      "locked": {
        "lastModified": 1773961179,
        "narHash": "sha256-bpaTvz//R8WFP5xnnDLv3a9l7unDmBwJjCewx3wCjzM=",
        "owner": "logos-co",
        "repo": "nix-bundle-dir",
        "rev": "cd214dbf15487d80967389847ae2210468be6ebf",
        "type": "github"
      },
      "original": {
        "owner": "logos-co",
        "repo": "nix-bundle-dir",
        "type": "github"
      }
    },
    "nix-bundle-dir_2": {
      "inputs": {
        "logos-nix": "logos-nix_7",
        "nixpkgs": [
          "logos-package-downloader",
          "nix-bundle-dir",
          "logos-nix",
          "nixpkgs"
        ]
      },
      "locked": {
        "lastModified": 1773961179,
        "narHash": "sha256-bpaTvz//R8WFP5xnnDLv3a9l7unDmBwJjCewx3wCjzM=",
        "owner": "logos-co",
        "repo": "nix-bundle-dir",
        "rev": "cd214dbf15487d80967389847ae2210468be6ebf",
        "type": "github"
      },
      "original": {
        "owner": "logos-co",
        "repo": "nix-bundle-dir",
        "type": "github"
      }
    },
    "nix-bundle-dir_3": {
      "inputs": {
        "logos-nix": "logos-nix_9",
        "nixpkgs": [
          "nix-bundle-appimage",
          "nixpkgs"
        ]
      },
      "locked": {
        "lastModified": 1773961179,
        "narHash": "sha256-bpaTvz//R8WFP5xnnDLv3a9l7unDmBwJjCewx3wCjzM=",
        "owner": "logos-co",
        "repo": "nix-bundle-dir",
        "rev": "cd214dbf15487d80967389847ae2210468be6ebf",
        "type": "github"
      },
      "original": {
        "owner": "logos-co",
        "repo": "nix-bundle-dir",
        "type": "github"
      }
    },
    "nix-bundle-dir_4": {
      "inputs": {
        "logos-nix": "logos-nix_10",
        "nixpkgs": [
          "nix-bundle-dir",
          "logos-nix",
          "nixpkgs"
        ]
      },
      "locked": {
        "lastModified": 1774455641,
        "narHash": "sha256-HrVJguPxhIoZMCH+x8Wooa0tE6slUhgNOU6P89t2uQc=",
        "owner": "logos-co",
        "repo": "nix-bundle-dir",
        "rev": "3d155cab09051703a0b02ff2de166a53c30cbca8",
        "type": "github"
      },
      "original": {
        "owner": "logos-co",
        "repo": "nix-bundle-dir",
        "type": "github"
      }
    },
    "nixpkgs": {
      "locked": {
        "lastModified": 1759036355,
        "narHash": "sha256-0m27AKv6ka+q270dw48KflE0LwQYrO7Fm4/2//KCVWg=",
        "owner": "NixOS",
        "repo": "nixpkgs",
        "rev": "e9f00bd893984bc8ce46c895c3bf7cac95331127",
        "type": "github"
      },
      "original": {
        "owner": "NixOS",
        "ref": "nixos-unstable",
        "repo": "nixpkgs",
        "type": "github"
      }
    },
    "nixpkgs_10": {
      "locked": {
        "lastModified": 1759036355,
        "narHash": "sha256-0m27AKv6ka+q270dw48KflE0LwQYrO7Fm4/2//KCVWg=",
        "owner": "NixOS",
        "repo": "nixpkgs",
        "rev": "e9f00bd893984bc8ce46c895c3bf7cac95331127",
        "type": "github"
      },
      "original": {
        "owner": "NixOS",
        "ref": "nixos-unstable",
        "repo": "nixpkgs",
        "type": "github"
      }
    },
    "nixpkgs_2": {
      "locked": {
        "lastModified": 1759036355,
        "narHash": "sha256-0m27AKv6ka+q270dw48KflE0LwQYrO7Fm4/2//KCVWg=",
        "owner": "NixOS",
        "repo": "nixpkgs",
        "rev": "e9f00bd893984bc8ce46c895c3bf7cac95331127",
        "type": "github"
      },
      "original": {
        "owner": "NixOS",
        "ref": "nixos-unstable",
        "repo": "nixpkgs",
        "type": "github"
      }
    },
    "nixpkgs_3": {
      "locked": {
        "lastModified": 1759036355,
        "narHash": "sha256-0m27AKv6ka+q270dw48KflE0LwQYrO7Fm4/2//KCVWg=",
        "owner": "NixOS",
        "repo": "nixpkgs",
        "rev": "e9f00bd893984bc8ce46c895c3bf7cac95331127",
        "type": "github"
      },
      "original": {
        "owner": "NixOS",
        "ref": "nixos-unstable",
        "repo": "nixpkgs",
        "type": "github"
      }
    },
    "nixpkgs_4": {
      "locked": {
        "lastModified": 1759036355,
        "narHash": "sha256-0m27AKv6ka+q270dw48KflE0LwQYrO7Fm4/2//KCVWg=",
        "owner": "NixOS",
        "repo": "nixpkgs",
        "rev": "e9f00bd893984bc8ce46c895c3bf7cac95331127",
        "type": "github"
      },
      "original": {
        "owner": "NixOS",
        "ref": "nixos-unstable",
        "repo": "nixpkgs",
        "type": "github"
      }
    },
    "nixpkgs_5": {
      "locked": {
        "lastModified": 1759036355,
        "narHash": "sha256-0m27AKv6ka+q270dw48KflE0LwQYrO7Fm4/2//KCVWg=",
        "owner": "NixOS",
        "repo": "nixpkgs",
        "rev": "e9f00bd893984bc8ce46c895c3bf7cac95331127",
        "type": "github"
      },
      "original": {
        "owner": "NixOS",
        "ref": "nixos-unstable",
        "repo": "nixpkgs",
        "type": "github"
      }
    },
    "nixpkgs_6": {
      "locked": {
        "lastModified": 1759036355,
        "narHash": "sha256-0m27AKv6ka+q270dw48KflE0LwQYrO7Fm4/2//KCVWg=",
        "owner": "NixOS",
        "repo": "nixpkgs",
        "rev": "e9f00bd893984bc8ce46c895c3bf7cac95331127",
        "type": "github"
      },
      "original": {
        "owner": "NixOS",
        "ref": "nixos-unstable",
        "repo": "nixpkgs",
        "type": "github"
      }
    },
    "nixpkgs_7": {
      "locked": {
        "lastModified": 1759036355,
        "narHash": "sha256-0m27AKv6ka+q270dw48KflE0LwQYrO7Fm4/2//KCVWg=",
        "owner": "NixOS",
        "repo": "nixpkgs",
        "rev": "e9f00bd893984bc8ce46c895c3bf7cac95331127",
        "type": "github"
      },
      "original": {
        "owner": "NixOS",
        "ref": "nixos-unstable",
        "repo": "nixpkgs",
        "type": "github"
      }
    },
    "nixpkgs_8": {
      "locked": {
        "lastModified": 1759036355,
        "narHash": "sha256-0m27AKv6ka+q270dw48KflE0LwQYrO7Fm4/2//KCVWg=",
        "owner": "NixOS",
        "repo": "nixpkgs",
        "rev": "e9f00bd893984bc8ce46c895c3bf7cac95331127",
        "type": "github"
      },
      "original": {
        "owner": "NixOS",
        "ref": "nixos-unstable",
        "repo": "nixpkgs",
        "type": "github"
      }
    },
    "nixpkgs_9": {
      "locked": {
        "lastModified": 1759036355,
        "narHash": "sha256-0m27AKv6ka+q270dw48KflE0LwQYrO7Fm4/2//KCVWg=",
        "owner": "NixOS",
        "repo": "nixpkgs",
        "rev": "e9f00bd893984bc8ce46c895c3bf7cac95331127",
        "type": "github"
      },
      "original": {
        "owner": "NixOS",
        "ref": "nixos-unstable",
        "repo": "nixpkgs",
        "type": "github"
      }
    },
    "root": {
      "inputs": {
        "logos-cpp-sdk": "logos-cpp-sdk",
        "logos-module": "logos-module",
        "logos-nix": "logos-nix_3",
        "logos-package-downloader": "logos-package-downloader",
        "nix-bundle-appimage": "nix-bundle-appimage_2",
        "nix-bundle-dir": "nix-bundle-dir_4",
        "nixpkgs": [
          "logos-nix",
          "nixpkgs"
        ]
      }
    }
  },
  "root": "root",
  "version": 7
}
